
Microsoft Visual Studio Solution File, Format Version 12.00
# Visual Studio Version 16
VisualStudioVersion = 16.0.30204.135
MinimumVisualStudioVersion = 10.0.40219.1
Project("{8BC9CEB8-8B4A-11D0-8D11-00A0C91BC942}") = "2.1", "2.1\2.1.vcxproj", "{88D81173-B760-4976-9997-A16617830746}"
EndProject
Project("{8BC9CEB8-8B4A-11D0-8D11-00A0C91BC942}") = "2.2", "2.2\2.2.vcxproj", "{E47AF611-779C-47CA-A015-DAEAD40B1F1F}"
EndProject
Project("{8BC9CEB8-8B4A-11D0-8D11-00A0C91BC942}") = "2.3", "2.3\2.3.vcxproj", "{3A743AE4-5B82-4577-837C-780CAB95B8DA}"
EndProject
Project("{8BC9CEB8-8B4A-11D0-8D11-00A0C91BC942}") = "2.4", "2.4\2.4.vcxproj", "{B05C8991-5801-4A3A-B052-BDAA7EE6D7E5}"
EndProject
Global
	GlobalSection(SolutionConfigurationPlatforms) = preSolution
		Debug|x64 = Debug|x64
		Debug|x86 = Debug|x86
		Release|x64 = Release|x64
		Release|x86 = Release|x86
	EndGlobalSection
	GlobalSection(ProjectConfigurationPlatforms) = postSolution
		{88D81173-B760-4976-9997-A16617830746}.Debug|x64.ActiveCfg = Debug|x64
		{88D81173-B760-4976-9997-A16617830746}.Debug|x64.Build.0 = Debug|x64
		{88D81173-B760-4976-9997-A16617830746}.Debug|x86.ActiveCfg = Debug|Win32
		{88D81173-B760-4976-9997-A16617830746}.Debug|x86.Build.0 = Debug|Win32
		{88D81173-B760-4976-9997-A16617830746}.Release|x64.ActiveCfg = Release|x64
		{88D81173-B760-4976-9997-A16617830746}.Release|x64.Build.0 = Release|x64
		{88D81173-B760-4976-9997-A16617830746}.Release|x86.ActiveCfg = Release|Win32
		{88D81173-B760-4976-9997-A16617830746}.Release|x86.Build.0 = Release|Win32
		{E47AF611-779C-47CA-A015-DAEAD40B1F1F}.Debug|x64.ActiveCfg = Debug|x64
		{E47AF611-779C-47CA-A015-DAEAD40B1F1F}.Debug|x64.Build.0 = Debug|x64
		{E47AF611-779C-47CA-A015-DAEAD40B1F1F}.Debug|x86.ActiveCfg = Debug|Win32
		{E47AF611-779C-47CA-A015-DAEAD40B1F1F}.Debug|x86.Build.0 = Debug|Win32
		{E47AF611-779C-47CA-A015-DAEAD40B1F1F}.Release|x64.ActiveCfg = Release|x64
		{E47AF611-779C-47CA-A015-DAEAD40B1F1F}.Release|x64.Build.0 = Release|x64
		{E47AF611-779C-47CA-A015-DAEAD40B1F1F}.Release|x86.ActiveCfg = Release|Win32
		{E47AF611-779C-47CA-A015-DAEAD40B1F1F}.Release|x86.Build.0 = Release|Win32
		{3A743AE4-5B82-4577-837C-780CAB95B8DA}.Debug|x64.ActiveCfg = Debug|x64
		{3A743AE4-5B82-4577-837C-780CAB95B8DA}.Debug|x64.Build.0 = Debug|x64
		{3A743AE4-5B82-4577-837C-780CAB95B8DA}.Debug|x86.ActiveCfg = Debug|Win32
		{3A743AE4-5B82-4577-837C-780CAB95B8DA}.Debug|x86.Build.0 = Debug|Win32
		{3A743AE4-5B82-4577-837C-780CAB95B8DA}.Release|x64.ActiveCfg = Release|x64
		{3A743AE4-5B82-4577-837C-780CAB95B8DA}.Release|x64.Build.0 = Release|x64
		{3A743AE4-5B82-4577-837C-780CAB95B8DA}.Release|x86.ActiveCfg = Release|Win32
		{3A743AE4-5B82-4577-837C-780CAB95B8DA}.Release|x86.Build.0 = Release|Win32
		{B05C8991-5801-4A3A-B052-BDAA7EE6D7E5}.Debug|x64.ActiveCfg = Debug|x64
		{B05C8991-5801-4A3A-B052-BDAA7EE6D7E5}.Debug|x64.Build.0 = Debug|x64
		{B05C8991-5801-4A3A-B052-BDAA7EE6D7E5}.Debug|x86.ActiveCfg = Debug|Win32
		{B05C8991-5801-4A3A-B052-BDAA7EE6D7E5}.Debug|x86.Build.0 = Debug|Win32
		{B05C8991-5801-4A3A-B052-BDAA7EE6D7E5}.Release|x64.ActiveCfg = Release|x64
		{B05C8991-5801-4A3A-B052-BDAA7EE6D7E5}.Release|x64.Build.0 = Release|x64
		{B05C8991-5801-4A3A-B052-BDAA7EE6D7E5}.Release|x86.ActiveCfg = Release|Win32
		{B05C8991-5801-4A3A-B052-BDAA7EE6D7E5}.Release|x86.Build.0 = Release|Win32
	EndGlobalSection
	GlobalSection(SolutionProperties) = preSolution
		HideSolutionNode = FALSE
	EndGlobalSection
	GlobalSection(ExtensibilityGlobals) = postSolution
		SolutionGuid = {7C52993D-57A2-41C9-8103-22F270B37341}
	EndGlobalSection
EndGlobal
